{
  "requires": true,
  "lockfileVersion": 1,
  "dependencies": {
    "allure-commandline": {
      "version": "2.13.8",
      "resolved": "https://registry.npmjs.org/allure-commandline/-/allure-commandline-2.13.8.tgz",
      "integrity": "sha512-LxP4a/nigaH1al6TZU+JVio8j205XXYhL2ATG22tU2F7xTlEkO4SbAUY8Bq366J6C136EdZAoFUeEsGrJsI7BA==",
      "dev": true
    }
  }
}
